
Microsoft Visual Studio Solution File, Format Version 12.00
# Visual Studio Version 17
VisualStudioVersion = 17.4.33103.184
MinimumVisualStudioVersion = 10.0.40219.1
Project("{FAE04EC0-301F-11D3-BF4B-00C04F79EFBC}") = "SharpSaster", "SharpSaster\SharpSaster.csproj", "{067D8CF2-E5DD-4ED8-B02C-E060A4E7DA1A}"
EndProject
Global
	GlobalSection(SolutionConfigurationPlatforms) = preSolution
		Debug|Any CPU = Debug|Any CPU
		Release|Any CPU = Release|Any CPU
	EndGlobalSection
	GlobalSection(ProjectConfigurationPlatforms) = postSolution
		{067D8CF2-E5DD-4ED8-B02C-E060A4E7DA1A}.Debug|Any CPU.ActiveCfg = Debug|Any CPU
		{067D8CF2-E5DD-4ED8-B02C-E060A4E7DA1A}.Debug|Any CPU.Build.0 = Debug|Any CPU
		{067D8CF2-E5DD-4ED8-B02C-E060A4E7DA1A}.Release|Any CPU.ActiveCfg = Release|Any CPU
		{067D8CF2-E5DD-4ED8-B02C-E060A4E7DA1A}.Release|Any CPU.Build.0 = Release|Any CPU
	EndGlobalSection
	GlobalSection(SolutionProperties) = preSolution
		HideSolutionNode = FALSE
	EndGlobalSection
	GlobalSection(ExtensibilityGlobals) = postSolution
		SolutionGuid = {C85B97EA-5822-4C05-BA39-B97ADA7A6C15}
	EndGlobalSection
EndGlobal
